{
  "version": 4,
  "terraform_version": "0.12.12",
  "serial": 98,
  "lineage": "9867da0d-d28a-10f9-b4ab-7ca993b16835",
  "outputs": {},
  "resources": [
    {
      "module": "module.RDS",
      "mode": "managed",
      "type": "aws_db_instance",
      "name": "RDS_deploy",
      "provider": "provider.aws",
      "instances": [
        {
          "schema_version": 1,
          "attributes": {
            "address": "deploydb.cgytirb7uezx.eu-west-2.rds.amazonaws.com",
            "allocated_storage": 20,
            "allow_major_version_upgrade": null,
            "apply_immediately": null,
            "arn": "arn:aws:rds:eu-west-2:260842022928:db:deploydb",
            "auto_minor_version_upgrade": true,
            "availability_zone": "eu-west-2b",
            "backup_retention_period": 0,
            "backup_window": "01:08-01:38",
            "ca_cert_identifier": "rds-ca-2019",
            "character_set_name": null,
            "copy_tags_to_snapshot": false,
            "db_subnet_group_name": "default-vpc-0a5fd4ee148efd024",
            "delete_automated_backups": true,
            "deletion_protection": false,
            "domain": "",
            "domain_iam_role_name": "",
            "enabled_cloudwatch_logs_exports": [],
            "endpoint": "deploydb.cgytirb7uezx.eu-west-2.rds.amazonaws.com:3306",
            "engine": "mysql",
            "engine_version": "5.7.26",
            "final_snapshot_identifier": "false",
            "hosted_zone_id": "Z1TTGA775OQIYO",
            "iam_database_authentication_enabled": false,
            "id": "deploydb",
            "identifier": "deploydb",
            "identifier_prefix": null,
            "instance_class": "db.t2.micro",
            "iops": 0,
            "kms_key_id": "",
            "license_model": "general-public-license",
            "maintenance_window": "sat:22:31-sat:23:01",
            "max_allocated_storage": 0,
            "monitoring_interval": 0,
            "monitoring_role_arn": "",
            "multi_az": false,
            "name": "deploydb",
            "option_group_name": "default:mysql-5-7",
            "parameter_group_name": "default.mysql5.7",
            "password": "password",
            "performance_insights_enabled": false,
            "performance_insights_kms_key_id": "",
            "performance_insights_retention_period": 0,
            "port": 3306,
            "publicly_accessible": false,
            "replicas": [],
            "replicate_source_db": "",
            "resource_id": "db-ALX7PROATFYV5CDMBP6SUYF5OU",
            "s3_import": [],
            "security_group_names": [],
            "skip_final_snapshot": false,
            "snapshot_identifier": null,
            "status": "available",
            "storage_encrypted": false,
            "storage_type": "gp2",
            "tags": {
              "Name": "SFIA2-testdb"
            },
            "timeouts": null,
            "timezone": "",
            "username": "admin",
            "vpc_security_group_ids": [
              "sg-04f8bb95d7d87417f"
            ]
          },
          "private": "eyJlMmJmYjczMC1lY2FhLTExZTYtOGY4OC0zNDM2M2JjN2M0YzAiOnsiY3JlYXRlIjoyNDAwMDAwMDAwMDAwLCJkZWxldGUiOjI0MDAwMDAwMDAwMDAsInVwZGF0ZSI6NDgwMDAwMDAwMDAwMH0sInNjaGVtYV92ZXJzaW9uIjoiMSJ9"
        }
      ]
    },
    {
      "module": "module.RDS",
      "mode": "managed",
      "type": "aws_db_instance",
      "name": "RDS_test",
      "provider": "provider.aws",
      "instances": [
        {
          "schema_version": 1,
          "attributes": {
            "address": "testdb.cgytirb7uezx.eu-west-2.rds.amazonaws.com",
            "allocated_storage": 20,
            "allow_major_version_upgrade": null,
            "apply_immediately": null,
            "arn": "arn:aws:rds:eu-west-2:260842022928:db:testdb",
            "auto_minor_version_upgrade": true,
            "availability_zone": "eu-west-2c",
            "backup_retention_period": 0,
            "backup_window": "04:51-05:21",
            "ca_cert_identifier": "rds-ca-2019",
            "character_set_name": null,
            "copy_tags_to_snapshot": false,
            "db_subnet_group_name": "default-vpc-0a5fd4ee148efd024",
            "delete_automated_backups": true,
            "deletion_protection": false,
            "domain": "",
            "domain_iam_role_name": "",
            "enabled_cloudwatch_logs_exports": [],
            "endpoint": "testdb.cgytirb7uezx.eu-west-2.rds.amazonaws.com:3306",
            "engine": "mysql",
            "engine_version": "5.7.26",
            "final_snapshot_identifier": "false",
            "hosted_zone_id": "Z1TTGA775OQIYO",
            "iam_database_authentication_enabled": false,
            "id": "testdb",
            "identifier": "testdb",
            "identifier_prefix": null,
            "instance_class": "db.t2.micro",
            "iops": 0,
            "kms_key_id": "",
            "license_model": "general-public-license",
            "maintenance_window": "tue:02:32-tue:03:02",
            "max_allocated_storage": 0,
            "monitoring_interval": 0,
            "monitoring_role_arn": "",
            "multi_az": false,
            "name": "testdb",
            "option_group_name": "default:mysql-5-7",
            "parameter_group_name": "default.mysql5.7",
            "password": "password",
            "performance_insights_enabled": false,
            "performance_insights_kms_key_id": "",
            "performance_insights_retention_period": 0,
            "port": 3306,
            "publicly_accessible": false,
            "replicas": [],
            "replicate_source_db": "",
            "resource_id": "db-DCH4TJPITZDKYAJO24XAII34IY",
            "s3_import": [],
            "security_group_names": [],
            "skip_final_snapshot": false,
            "snapshot_identifier": null,
            "status": "available",
            "storage_encrypted": false,
            "storage_type": "gp2",
            "tags": {
              "Name": "SFIA2-testdb"
            },
            "timeouts": null,
            "timezone": "",
            "username": "admin",
            "vpc_security_group_ids": [
              "sg-04f8bb95d7d87417f"
            ]
          },
          "private": "eyJlMmJmYjczMC1lY2FhLTExZTYtOGY4OC0zNDM2M2JjN2M0YzAiOnsiY3JlYXRlIjoyNDAwMDAwMDAwMDAwLCJkZWxldGUiOjI0MDAwMDAwMDAwMDAsInVwZGF0ZSI6NDgwMDAwMDAwMDAwMH0sInNjaGVtYV92ZXJzaW9uIjoiMSJ9"
        }
      ]
    },
    {
      "module": "module.EC2",
      "mode": "managed",
      "type": "aws_eip",
      "name": "EIP",
      "provider": "provider.aws",
      "instances": [
        {
          "schema_version": 0,
          "attributes": {
            "allocation_id": null,
            "associate_with_private_ip": "172.30.1.164",
            "association_id": "eipassoc-060f25c52beda8a75",
            "customer_owned_ip": "",
            "customer_owned_ipv4_pool": "",
            "domain": "vpc",
            "id": "eipalloc-01d9cf4358e536d10",
            "instance": "i-00ea6bb6033076fa7",
            "network_interface": "eni-0a807370ffc07d699",
            "private_dns": "ip-172-30-1-164.eu-west-2.compute.internal",
            "private_ip": "172.30.1.164",
            "public_dns": "ec2-3-10-90-233.eu-west-2.compute.amazonaws.com",
            "public_ip": "3.10.90.233",
            "public_ipv4_pool": "amazon",
            "tags": {
              "Name": "elastic-ip"
            },
            "timeouts": null,
            "vpc": true
          },
          "private": "eyJlMmJmYjczMC1lY2FhLTExZTYtOGY4OC0zNDM2M2JjN2M0YzAiOnsiZGVsZXRlIjoxODAwMDAwMDAwMDAsInJlYWQiOjkwMDAwMDAwMDAwMCwidXBkYXRlIjozMDAwMDAwMDAwMDB9fQ==",
          "depends_on": [
            "aws_instance.EC2[0]"
          ]
        }
      ]
    },
    {
      "module": "module.EC2",
      "mode": "managed",
      "type": "aws_instance",
      "name": "EC2",
      "each": "list",
      "provider": "provider.aws",
      "instances": [
        {
          "index_key": 0,
          "schema_version": 1,
          "attributes": {
            "ami": "ami-09a1e275e350acf38",
            "arn": "arn:aws:ec2:eu-west-2:260842022928:instance/i-00ea6bb6033076fa7",
            "associate_public_ip_address": true,
            "availability_zone": "eu-west-2b",
            "cpu_core_count": 1,
            "cpu_threads_per_core": 1,
            "credit_specification": [
              {
                "cpu_credits": "standard"
              }
            ],
            "disable_api_termination": false,
            "ebs_block_device": [],
            "ebs_optimized": false,
            "ephemeral_block_device": [],
            "get_password_data": false,
            "hibernation": false,
            "host_id": null,
            "iam_instance_profile": "",
            "id": "i-00ea6bb6033076fa7",
            "instance_initiated_shutdown_behavior": null,
            "instance_state": "running",
            "instance_type": "t2.micro",
            "ipv6_address_count": 0,
            "ipv6_addresses": [],
            "key_name": "AWS_EU_Key",
            "metadata_options": [
              {
                "http_endpoint": "enabled",
                "http_put_response_hop_limit": 1,
                "http_tokens": "optional"
              }
            ],
            "monitoring": false,
            "network_interface": [],
            "network_interface_id": null,
            "outpost_arn": "",
            "password_data": "",
            "placement_group": "",
            "primary_network_interface_id": "eni-0a807370ffc07d699",
            "private_dns": "ip-172-30-1-164.eu-west-2.compute.internal",
            "private_ip": "172.30.1.164",
            "public_dns": "ec2-3-10-90-233.eu-west-2.compute.amazonaws.com",
            "public_ip": "3.10.90.233",
            "root_block_device": [
              {
                "delete_on_termination": true,
                "device_name": "/dev/sda1",
                "encrypted": false,
                "iops": 100,
                "kms_key_id": "",
                "volume_id": "vol-04a421dad14d191e5",
                "volume_size": 8,
                "volume_type": "gp2"
              }
            ],
            "security_groups": [],
            "source_dest_check": true,
            "subnet_id": "subnet-0baae22c4516ea061",
            "tags": {
              "Name": "SFIA2-Jenkins"
            },
            "tenancy": "default",
            "timeouts": null,
            "user_data": null,
            "user_data_base64": null,
            "volume_tags": {},
            "vpc_security_group_ids": [
              "sg-04f8bb95d7d87417f"
            ]
          },
          "private": "eyJlMmJmYjczMC1lY2FhLTExZTYtOGY4OC0zNDM2M2JjN2M0YzAiOnsiY3JlYXRlIjo2MDAwMDAwMDAwMDAsImRlbGV0ZSI6MTIwMDAwMDAwMDAwMCwidXBkYXRlIjo2MDAwMDAwMDAwMDB9LCJzY2hlbWFfdmVyc2lvbiI6IjEifQ=="
        },
        {
          "index_key": 1,
          "schema_version": 1,
          "attributes": {
            "ami": "ami-09a1e275e350acf38",
            "arn": "arn:aws:ec2:eu-west-2:260842022928:instance/i-0bc64c76152564b22",
            "associate_public_ip_address": true,
            "availability_zone": "eu-west-2b",
            "cpu_core_count": 1,
            "cpu_threads_per_core": 1,
            "credit_specification": [
              {
                "cpu_credits": "standard"
              }
            ],
            "disable_api_termination": false,
            "ebs_block_device": [],
            "ebs_optimized": false,
            "ephemeral_block_device": [],
            "get_password_data": false,
            "hibernation": false,
            "host_id": null,
            "iam_instance_profile": "",
            "id": "i-0bc64c76152564b22",
            "instance_initiated_shutdown_behavior": null,
            "instance_state": "running",
            "instance_type": "t2.micro",
            "ipv6_address_count": 0,
            "ipv6_addresses": [],
            "key_name": "AWS_EU_Key",
            "metadata_options": [
              {
                "http_endpoint": "enabled",
                "http_put_response_hop_limit": 1,
                "http_tokens": "optional"
              }
            ],
            "monitoring": false,
            "network_interface": [],
            "network_interface_id": null,
            "outpost_arn": "",
            "password_data": "",
            "placement_group": "",
            "primary_network_interface_id": "eni-0802923ca1065731d",
            "private_dns": "ip-172-30-1-35.eu-west-2.compute.internal",
            "private_ip": "172.30.1.35",
            "public_dns": "ec2-18-134-136-17.eu-west-2.compute.amazonaws.com",
            "public_ip": "18.134.136.17",
            "root_block_device": [
              {
                "delete_on_termination": true,
                "device_name": "/dev/sda1",
                "encrypted": false,
                "iops": 100,
                "kms_key_id": "",
                "volume_id": "vol-0e44bf569c3ad0ae4",
                "volume_size": 8,
                "volume_type": "gp2"
              }
            ],
            "security_groups": [],
            "source_dest_check": true,
            "subnet_id": "subnet-0baae22c4516ea061",
            "tags": {
              "Name": "SFIA2-Testing"
            },
            "tenancy": "default",
            "timeouts": null,
            "user_data": null,
            "user_data_base64": null,
            "volume_tags": {},
            "vpc_security_group_ids": [
              "sg-04f8bb95d7d87417f"
            ]
          },
          "private": "eyJlMmJmYjczMC1lY2FhLTExZTYtOGY4OC0zNDM2M2JjN2M0YzAiOnsiY3JlYXRlIjo2MDAwMDAwMDAwMDAsImRlbGV0ZSI6MTIwMDAwMDAwMDAwMCwidXBkYXRlIjo2MDAwMDAwMDAwMDB9LCJzY2hlbWFfdmVyc2lvbiI6IjEifQ=="
        },
        {
          "index_key": 2,
          "schema_version": 1,
          "attributes": {
            "ami": "ami-09a1e275e350acf38",
            "arn": "arn:aws:ec2:eu-west-2:260842022928:instance/i-04bd3463f7407006a",
            "associate_public_ip_address": true,
            "availability_zone": "eu-west-2b",
            "cpu_core_count": 1,
            "cpu_threads_per_core": 1,
            "credit_specification": [
              {
                "cpu_credits": "standard"
              }
            ],
            "disable_api_termination": false,
            "ebs_block_device": [],
            "ebs_optimized": false,
            "ephemeral_block_device": [],
            "get_password_data": false,
            "hibernation": false,
            "host_id": null,
            "iam_instance_profile": "",
            "id": "i-04bd3463f7407006a",
            "instance_initiated_shutdown_behavior": null,
            "instance_state": "running",
            "instance_type": "t2.micro",
            "ipv6_address_count": 0,
            "ipv6_addresses": [],
            "key_name": "AWS_EU_Key",
            "metadata_options": [
              {
                "http_endpoint": "enabled",
                "http_put_response_hop_limit": 1,
                "http_tokens": "optional"
              }
            ],
            "monitoring": false,
            "network_interface": [],
            "network_interface_id": null,
            "outpost_arn": "",
            "password_data": "",
            "placement_group": "",
            "primary_network_interface_id": "eni-066f0d6b86591b1bd",
            "private_dns": "ip-172-30-1-109.eu-west-2.compute.internal",
            "private_ip": "172.30.1.109",
            "public_dns": "ec2-3-9-181-254.eu-west-2.compute.amazonaws.com",
            "public_ip": "3.9.181.254",
            "root_block_device": [
              {
                "delete_on_termination": true,
                "device_name": "/dev/sda1",
                "encrypted": false,
                "iops": 100,
                "kms_key_id": "",
                "volume_id": "vol-03755372ebfa1f1fe",
                "volume_size": 8,
                "volume_type": "gp2"
              }
            ],
            "security_groups": [],
            "source_dest_check": true,
            "subnet_id": "subnet-0baae22c4516ea061",
            "tags": {
              "Name": "SFIA2-K8S_CLuster"
            },
            "tenancy": "default",
            "timeouts": null,
            "user_data": null,
            "user_data_base64": null,
            "volume_tags": {},
            "vpc_security_group_ids": [
              "sg-04f8bb95d7d87417f"
            ]
          },
          "private": "eyJlMmJmYjczMC1lY2FhLTExZTYtOGY4OC0zNDM2M2JjN2M0YzAiOnsiY3JlYXRlIjo2MDAwMDAwMDAwMDAsImRlbGV0ZSI6MTIwMDAwMDAwMDAwMCwidXBkYXRlIjo2MDAwMDAwMDAwMDB9LCJzY2hlbWFfdmVyc2lvbiI6IjEifQ=="
        }
      ]
    },
    {
      "module": "module.EC2",
      "mode": "managed",
      "type": "local_file",
      "name": "ansible_inventory",
      "provider": "provider.local",
      "instances": [
        {
          "schema_version": 0,
          "attributes": {
            "content": "[jenkins]\nubuntu@ec2-3-10-90-233.eu-west-2.compute.amazonaws.com\n[testvm]\nubuntu@ec2-18-134-136-17.eu-west-2.compute.amazonaws.com\n[K8S_CLuster]\nubuntu@ec2-3-9-181-254.eu-west-2.compute.amazonaws.com\n\n[all:vars]\nansible_ssh_private_file=\"./AWS_EU_Key.pem\"\nansible_python_interpreter=\"/usr/bin/python3\"\nansible_ssh_commom_args='-0 StrictHostChecking=no'\n",
            "content_base64": null,
            "directory_permission": "0777",
            "file_permission": "0777",
            "filename": "../../../Ansible/inventory/inventory.ini",
            "id": "0e49192d1885a34252e3ce12eafd6dd0c321ffcb",
            "sensitive_content": null
          },
          "private": "bnVsbA==",
          "depends_on": [
            "aws_instance.EC2[0]",
            "aws_instance.EC2[1]",
            "aws_instance.EC2[2]"
          ]
        }
      ]
    },
    {
      "module": "module.EC2",
      "mode": "managed",
      "type": "local_file",
      "name": "tf_ansible_vars",
      "provider": "provider.local",
      "instances": [
        {
          "schema_version": 0,
          "attributes": {
            "content": "// Ansible vars_file containing variable values from Terraform.\n// Generated by Terraform mgmt configuration.\n\n// hosts public dns - for building project\nenv.jenkins_user=\"ubuntu@ec2-3-10-90-233.eu-west-2.compute.amazonaws.com\"\nenv.testvm_user=\"ubuntu@ec2-18-134-136-17.eu-west-2.compute.amazonaws.com\"\nenv.K8S_CLuster_user=\"ubuntu@ec2-3-9-181-254.eu-west-2.compute.amazonaws.com\"\n\n// host key generated for ssh into vms\nenv.EC2_private_key=\"AWS_EU_Key\"\n",
            "content_base64": null,
            "directory_permission": "0777",
            "file_permission": "0777",
            "filename": "../../../Ansible/.envvars/tf_ansible.groovy",
            "id": "062cc90a66a673483a48401c3904cc1e8cf3c24e",
            "sensitive_content": null
          },
          "private": "bnVsbA==",
          "depends_on": [
            "aws_instance.EC2[0]",
            "aws_instance.EC2[1]",
            "aws_instance.EC2[2]"
          ]
        }
      ]
    },
    {
      "module": "module.RDS",
      "mode": "managed",
      "type": "local_file",
      "name": "tf_db_vars",
      "provider": "provider.local",
      "instances": [
        {
          "schema_version": 0,
          "attributes": {
            "content": "// project variables to pass for databse\nenv.TEST_DATABASE_URI=\"mysql+pymysql://admin:password@testdb.cgytirb7uezx.eu-west-2.rds.amazonaws.com:3306/testdb\"\nenv.DATABASE_URI=\"mysql+pymysql://admin:password@deploydb.cgytirb7uezx.eu-west-2.rds.amazonaws.com:3306/users\"\nenv.SECRET_KEY=\"password\"\nenv.MYSQL_ROOT_PASSWORD=\"password\"\nenv.DB_PASSWORD=\"password\"\nenv.testvm_connection=\"mysql -h testdb.cgytirb7uezx.eu-west-2.rds.amazonaws.com:3306 -P 3306 -u admin -ppassword\"\n\n",
            "content_base64": null,
            "directory_permission": "0777",
            "file_permission": "0777",
            "filename": "../../../Ansible/.envvars/tf_db.groovy",
            "id": "247b9ef1d46e6a03907d922d281557bf569f22a9",
            "sensitive_content": null
          },
          "private": "bnVsbA==",
          "depends_on": [
            "aws_db_instance.RDS_deploy",
            "aws_db_instance.RDS_test"
          ]
        }
      ]
    }
  ]
}
